# This file is automatically @generated by Cargo.
# It is not intended for manual editing.
[[package]]
name = "bitflags"
version = "1.0.4"
source = "registry+https://github.com/rust-lang/crates.io-index"

[[package]]
name = "cstr_core"
version = "0.1.2"
source = "registry+https://github.com/rust-lang/crates.io-index"
dependencies = [
 "cty 0.1.5 (registry+https://github.com/rust-lang/crates.io-index)",
 "memchr 2.2.0 (registry+https://github.com/rust-lang/crates.io-index)",
]

[[package]]
name = "csv-core"
version = "0.1.5"
source = "registry+https://github.com/rust-lang/crates.io-index"
dependencies = [
 "memchr 2.2.0 (registry+https://github.com/rust-lang/crates.io-index)",
]

[[package]]
name = "cty"
version = "0.1.5"
source = "registry+https://github.com/rust-lang/crates.io-index"

[[package]]
name = "cty"
version = "0.2.0"
source = "registry+https://github.com/rust-lang/crates.io-index"

[[package]]
name = "embedded-ffi"
version = "0.1.2"
source = "registry+https://github.com/rust-lang/crates.io-index"
dependencies = [
 "cstr_core 0.1.2 (registry+https://github.com/rust-lang/crates.io-index)",
]

[[package]]
name = "embedded-freetype-sys"
version = "0.2.0"
source = "registry+https://github.com/rust-lang/crates.io-index"
dependencies = [
 "cty 0.2.0 (registry+https://github.com/rust-lang/crates.io-index)",
]

[[package]]
name = "failure"
version = "0.1.5"
source = "registry+https://github.com/rust-lang/crates.io-index"

[[package]]
name = "lazy_static"
version = "1.3.0"
source = "registry+https://github.com/rust-lang/crates.io-index"
dependencies = [
 "spin 0.5.0 (registry+https://github.com/rust-lang/crates.io-index)",
]

[[package]]
name = "memchr"
version = "2.2.0"
source = "registry+https://github.com/rust-lang/crates.io-index"

[[package]]
name = "n-flashcards"
version = "1.0.0"
dependencies = [
 "csv-core 0.1.5 (registry+https://github.com/rust-lang/crates.io-index)",
 "lazy_static 1.3.0 (registry+https://github.com/rust-lang/crates.io-index)",
 "ndless 0.8.1 (registry+https://github.com/rust-lang/crates.io-index)",
 "ndless-freetype 0.1.3 (registry+https://github.com/rust-lang/crates.io-index)",
 "ndless-handler 0.2.0 (registry+https://github.com/rust-lang/crates.io-index)",
 "ndless-sdl 0.1.8 (registry+https://github.com/rust-lang/crates.io-index)",
 "unicode-segmentation 1.3.0 (registry+https://github.com/rust-lang/crates.io-index)",
]

[[package]]
name = "ndless"
version = "0.6.1"
source = "registry+https://github.com/rust-lang/crates.io-index"
dependencies = [
 "cstr_core 0.1.2 (registry+https://github.com/rust-lang/crates.io-index)",
 "cty 0.1.5 (registry+https://github.com/rust-lang/crates.io-index)",
 "ndless-macros 0.1.1 (registry+https://github.com/rust-lang/crates.io-index)",
 "ndless-static-vars 1.0.0 (registry+https://github.com/rust-lang/crates.io-index)",
 "ndless-sys 0.1.3 (registry+https://github.com/rust-lang/crates.io-index)",
]

[[package]]
name = "ndless"
version = "0.8.1"
source = "registry+https://github.com/rust-lang/crates.io-index"
dependencies = [
 "cstr_core 0.1.2 (registry+https://github.com/rust-lang/crates.io-index)",
 "cty 0.2.0 (registry+https://github.com/rust-lang/crates.io-index)",
 "embedded-ffi 0.1.2 (registry+https://github.com/rust-lang/crates.io-index)",
 "ndless-macros 0.3.0 (registry+https://github.com/rust-lang/crates.io-index)",
 "ndless-static-vars 2.0.1 (registry+https://github.com/rust-lang/crates.io-index)",
 "ndless-sys 0.2.0 (registry+https://github.com/rust-lang/crates.io-index)",
]

[[package]]
name = "ndless-freetype"
version = "0.1.3"
source = "registry+https://github.com/rust-lang/crates.io-index"
dependencies = [
 "bitflags 1.0.4 (registry+https://github.com/rust-lang/crates.io-index)",
 "cstr_core 0.1.2 (registry+https://github.com/rust-lang/crates.io-index)",
 "cty 0.2.0 (registry+https://github.com/rust-lang/crates.io-index)",
 "embedded-freetype-sys 0.2.0 (registry+https://github.com/rust-lang/crates.io-index)",
 "failure 0.1.5 (registry+https://github.com/rust-lang/crates.io-index)",
 "ndless-sys 0.2.0 (registry+https://github.com/rust-lang/crates.io-index)",
]

[[package]]
name = "ndless-handler"
version = "0.2.0"
source = "registry+https://github.com/rust-lang/crates.io-index"
dependencies = [
 "cty 0.2.0 (registry+https://github.com/rust-lang/crates.io-index)",
 "ndless 0.8.1 (registry+https://github.com/rust-lang/crates.io-index)",
 "ndless-sys 0.2.0 (registry+https://github.com/rust-lang/crates.io-index)",
]

[[package]]
name = "ndless-macros"
version = "0.1.1"
source = "registry+https://github.com/rust-lang/crates.io-index"
dependencies = [
 "cty 0.1.5 (registry+https://github.com/rust-lang/crates.io-index)",
 "ndless-static-vars 1.0.0 (registry+https://github.com/rust-lang/crates.io-index)",
 "proc-macro2 0.4.30 (registry+https://github.com/rust-lang/crates.io-index)",
 "quote 0.6.12 (registry+https://github.com/rust-lang/crates.io-index)",
 "syn 0.15.34 (registry+https://github.com/rust-lang/crates.io-index)",
]

[[package]]
name = "ndless-macros"
version = "0.3.0"
source = "registry+https://github.com/rust-lang/crates.io-index"
dependencies = [
 "cty 0.1.5 (registry+https://github.com/rust-lang/crates.io-index)",
 "ndless-static-vars 2.0.1 (registry+https://github.com/rust-lang/crates.io-index)",
 "proc-macro2 0.4.30 (registry+https://github.com/rust-lang/crates.io-index)",
 "quote 0.6.12 (registry+https://github.com/rust-lang/crates.io-index)",
 "syn 0.15.34 (registry+https://github.com/rust-lang/crates.io-index)",
]

[[package]]
name = "ndless-sdl"
version = "0.1.8"
source = "registry+https://github.com/rust-lang/crates.io-index"
dependencies = [
 "cstr_core 0.1.2 (registry+https://github.com/rust-lang/crates.io-index)",
 "cty 0.1.5 (registry+https://github.com/rust-lang/crates.io-index)",
 "ndless 0.6.1 (registry+https://github.com/rust-lang/crates.io-index)",
 "ndless-freetype 0.1.3 (registry+https://github.com/rust-lang/crates.io-index)",
 "num 0.2.0 (registry+https://github.com/rust-lang/crates.io-index)",
 "unicode-segmentation 1.3.0 (registry+https://github.com/rust-lang/crates.io-index)",
]

[[package]]
name = "ndless-static-vars"
version = "1.0.0"
source = "registry+https://github.com/rust-lang/crates.io-index"

[[package]]
name = "ndless-static-vars"
version = "2.0.1"
source = "registry+https://github.com/rust-lang/crates.io-index"
dependencies = [
 "cty 0.2.0 (registry+https://github.com/rust-lang/crates.io-index)",
]

[[package]]
name = "ndless-sys"
version = "0.1.3"
source = "registry+https://github.com/rust-lang/crates.io-index"
dependencies = [
 "cty 0.1.5 (registry+https://github.com/rust-lang/crates.io-index)",
]

[[package]]
name = "ndless-sys"
version = "0.2.0"
source = "registry+https://github.com/rust-lang/crates.io-index"
dependencies = [
 "cty 0.2.0 (registry+https://github.com/rust-lang/crates.io-index)",
]

[[package]]
name = "num"
version = "0.2.0"
source = "registry+https://github.com/rust-lang/crates.io-index"
dependencies = [
 "num-complex 0.2.1 (registry+https://github.com/rust-lang/crates.io-index)",
 "num-integer 0.1.39 (registry+https://github.com/rust-lang/crates.io-index)",
 "num-iter 0.1.37 (registry+https://github.com/rust-lang/crates.io-index)",
 "num-rational 0.2.1 (registry+https://github.com/rust-lang/crates.io-index)",
 "num-traits 0.2.6 (registry+https://github.com/rust-lang/crates.io-index)",
]

[[package]]
name = "num-complex"
version = "0.2.1"
source = "registry+https://github.com/rust-lang/crates.io-index"
dependencies = [
 "num-traits 0.2.6 (registry+https://github.com/rust-lang/crates.io-index)",
]

[[package]]
name = "num-integer"
version = "0.1.39"
source = "registry+https://github.com/rust-lang/crates.io-index"
dependencies = [
 "num-traits 0.2.6 (registry+https://github.com/rust-lang/crates.io-index)",
]

[[package]]
name = "num-iter"
version = "0.1.37"
source = "registry+https://github.com/rust-lang/crates.io-index"
dependencies = [
 "num-integer 0.1.39 (registry+https://github.com/rust-lang/crates.io-index)",
 "num-traits 0.2.6 (registry+https://github.com/rust-lang/crates.io-index)",
]

[[package]]
name = "num-rational"
version = "0.2.1"
source = "registry+https://github.com/rust-lang/crates.io-index"
dependencies = [
 "num-integer 0.1.39 (registry+https://github.com/rust-lang/crates.io-index)",
 "num-traits 0.2.6 (registry+https://github.com/rust-lang/crates.io-index)",
]

[[package]]
name = "num-traits"
version = "0.2.6"
source = "registry+https://github.com/rust-lang/crates.io-index"

[[package]]
name = "proc-macro2"
version = "0.4.30"
source = "registry+https://github.com/rust-lang/crates.io-index"
dependencies = [
 "unicode-xid 0.1.0 (registry+https://github.com/rust-lang/crates.io-index)",
]

[[package]]
name = "quote"
version = "0.6.12"
source = "registry+https://github.com/rust-lang/crates.io-index"
dependencies = [
 "proc-macro2 0.4.30 (registry+https://github.com/rust-lang/crates.io-index)",
]

[[package]]
name = "spin"
version = "0.5.0"
source = "registry+https://github.com/rust-lang/crates.io-index"

[[package]]
name = "syn"
version = "0.15.34"
source = "registry+https://github.com/rust-lang/crates.io-index"
dependencies = [
 "proc-macro2 0.4.30 (registry+https://github.com/rust-lang/crates.io-index)",
 "quote 0.6.12 (registry+https://github.com/rust-lang/crates.io-index)",
 "unicode-xid 0.1.0 (registry+https://github.com/rust-lang/crates.io-index)",
]

[[package]]
name = "unicode-segmentation"
version = "1.3.0"
source = "registry+https://github.com/rust-lang/crates.io-index"

[[package]]
name = "unicode-xid"
version = "0.1.0"
source = "registry+https://github.com/rust-lang/crates.io-index"

[metadata]
"checksum bitflags 1.0.4 (registry+https://github.com/rust-lang/crates.io-index)" = "228047a76f468627ca71776ecdebd732a3423081fcf5125585bcd7c49886ce12"
"checksum cstr_core 0.1.2 (registry+https://github.com/rust-lang/crates.io-index)" = "6ebe7158ee57e848621d24d0ed87910edb97639cb94ad9977edf440e31226035"
"checksum csv-core 0.1.5 (registry+https://github.com/rust-lang/crates.io-index)" = "fa5cdef62f37e6ffe7d1f07a381bc0db32b7a3ff1cac0de56cb0d81e71f53d65"
"checksum cty 0.1.5 (registry+https://github.com/rust-lang/crates.io-index)" = "c4e1d41c471573612df00397113557693b5bf5909666a8acb253930612b93312"
"checksum cty 0.2.0 (registry+https://github.com/rust-lang/crates.io-index)" = "151a4ee37fd024fa6a134a4b506977504fa5dd378f6b7c797818ee41c7b2c23e"
"checksum embedded-ffi 0.1.2 (registry+https://github.com/rust-lang/crates.io-index)" = "fd14f599e42fab407e90a1f197f0e41a180fa7cfffa1983fe9b15e31f5b30f32"
"checksum embedded-freetype-sys 0.2.0 (registry+https://github.com/rust-lang/crates.io-index)" = "33bcfc19963ffb3865c7553e4b8d072245285eed4a2176c22917434ffe15fbe9"
"checksum failure 0.1.5 (registry+https://github.com/rust-lang/crates.io-index)" = "795bd83d3abeb9220f257e597aa0080a508b27533824adf336529648f6abf7e2"
"checksum lazy_static 1.3.0 (registry+https://github.com/rust-lang/crates.io-index)" = "bc5729f27f159ddd61f4df6228e827e86643d4d3e7c32183cb30a1c08f604a14"
"checksum memchr 2.2.0 (registry+https://github.com/rust-lang/crates.io-index)" = "2efc7bc57c883d4a4d6e3246905283d8dae951bb3bd32f49d6ef297f546e1c39"
"checksum ndless 0.6.1 (registry+https://github.com/rust-lang/crates.io-index)" = "7ec648d7e7727f20891a10f9c7c770772d58f31d309f1535bf46b2989e1917e3"
"checksum ndless 0.8.1 (registry+https://github.com/rust-lang/crates.io-index)" = "aab90d91812b31e9866746f2044b5d3484028f7135de66e954011dc95f6256c1"
"checksum ndless-freetype 0.1.3 (registry+https://github.com/rust-lang/crates.io-index)" = "0d208d849334f4446a5cf10669d6c1c7203f01c15a7668d49f13ea9840409d80"
"checksum ndless-handler 0.2.0 (registry+https://github.com/rust-lang/crates.io-index)" = "feedd7704d01a0fdce59062f32e98bef4ae906d02e229f078d2a96b43718199d"
"checksum ndless-macros 0.1.1 (registry+https://github.com/rust-lang/crates.io-index)" = "3533c4d99ecdf7ccfb53df5dcb9523239510973ab2205a84a9d73c9c1cd4b51c"
"checksum ndless-macros 0.3.0 (registry+https://github.com/rust-lang/crates.io-index)" = "33c929bdfbbf0a98481e5d3d8b5f9abbf009f374945082553d0aff5566e53db0"
"checksum ndless-sdl 0.1.8 (registry+https://github.com/rust-lang/crates.io-index)" = "014c5ba0887f048338eb6ec1c3d49354a71b2f6e4cd447e56300e2b1ddfeedc8"
"checksum ndless-static-vars 1.0.0 (registry+https://github.com/rust-lang/crates.io-index)" = "23d6a62f3ca036c792590fc6eb94d49e80c97cafce8e8d9bd73cfa11d35c1d0f"
"checksum ndless-static-vars 2.0.1 (registry+https://github.com/rust-lang/crates.io-index)" = "35d350f7ad52ef1c6600dbbb3e2fe39df3c2c44853a67e6534a92326101f74a4"
"checksum ndless-sys 0.1.3 (registry+https://github.com/rust-lang/crates.io-index)" = "a96ee84b1578785a951683ed8c28b863b71317e1d1cca9feea7144ef4af6f6f9"
"checksum ndless-sys 0.2.0 (registry+https://github.com/rust-lang/crates.io-index)" = "0420fb0a8dd269e7b48b21367650ae9a849bc5ad224b92d2fc511ea251a056c7"
"checksum num 0.2.0 (registry+https://github.com/rust-lang/crates.io-index)" = "cf4825417e1e1406b3782a8ce92f4d53f26ec055e3622e1881ca8e9f5f9e08db"
"checksum num-complex 0.2.1 (registry+https://github.com/rust-lang/crates.io-index)" = "107b9be86cd2481930688277b675b0114578227f034674726605b8a482d8baf8"
"checksum num-integer 0.1.39 (registry+https://github.com/rust-lang/crates.io-index)" = "e83d528d2677f0518c570baf2b7abdcf0cd2d248860b68507bdcb3e91d4c0cea"
"checksum num-iter 0.1.37 (registry+https://github.com/rust-lang/crates.io-index)" = "af3fdbbc3291a5464dc57b03860ec37ca6bf915ed6ee385e7c6c052c422b2124"
"checksum num-rational 0.2.1 (registry+https://github.com/rust-lang/crates.io-index)" = "4e96f040177bb3da242b5b1ecf3f54b5d5af3efbbfb18608977a5d2767b22f10"
"checksum num-traits 0.2.6 (registry+https://github.com/rust-lang/crates.io-index)" = "0b3a5d7cc97d6d30d8b9bc8fa19bf45349ffe46241e8816f50f62f6d6aaabee1"
"checksum proc-macro2 0.4.30 (registry+https://github.com/rust-lang/crates.io-index)" = "cf3d2011ab5c909338f7887f4fc896d35932e29146c12c8d01da6b22a80ba759"
"checksum quote 0.6.12 (registry+https://github.com/rust-lang/crates.io-index)" = "faf4799c5d274f3868a4aae320a0a182cbd2baee377b378f080e16a23e9d80db"
"checksum spin 0.5.0 (registry+https://github.com/rust-lang/crates.io-index)" = "44363f6f51401c34e7be73db0db371c04705d35efbe9f7d6082e03a921a32c55"
"checksum syn 0.15.34 (registry+https://github.com/rust-lang/crates.io-index)" = "a1393e4a97a19c01e900df2aec855a29f71cf02c402e2f443b8d2747c25c5dbe"
"checksum unicode-segmentation 1.3.0 (registry+https://github.com/rust-lang/crates.io-index)" = "1967f4cdfc355b37fd76d2a954fb2ed3871034eb4f26d60537d88795cfc332a9"
"checksum unicode-xid 0.1.0 (registry+https://github.com/rust-lang/crates.io-index)" = "fc72304796d0818e357ead4e000d19c9c174ab23dc11093ac919054d20a6a7fc"
